# This file is generated by running "yarn install" inside your project.
# Manual changes might be lost - proceed with caution!

__metadata:
  version: 4

"@aws-cdk/assets@npm:1.41.0":
  version: 1.41.0
  resolution: "@aws-cdk/assets@npm:1.41.0"
  dependencies:
    "@aws-cdk/core": 1.41.0
    "@aws-cdk/cx-api": 1.41.0
    constructs: ^3.0.2
  peerDependencies:
    "@aws-cdk/core": 1.41.0
    "@aws-cdk/cx-api": 1.41.0
    constructs: ^3.0.2
  checksum: 3/d340259db0b8fcb23e16c9f08469724c8a7f8408282d2567fbc120b78ee2c574e09a035247c96a4cd5bc5e82e885ba014940351008381c866c896ff4327027dc
  languageName: node
  linkType: hard

"@aws-cdk/aws-certificatemanager@npm:1.41.0":
  version: 1.41.0
  resolution: "@aws-cdk/aws-certificatemanager@npm:1.41.0"
  dependencies:
    "@aws-cdk/aws-iam": 1.41.0
    "@aws-cdk/aws-lambda": 1.41.0
    "@aws-cdk/aws-route53": 1.41.0
    "@aws-cdk/core": 1.41.0
    constructs: ^3.0.2
  peerDependencies:
    "@aws-cdk/aws-iam": 1.41.0
    "@aws-cdk/aws-lambda": 1.41.0
    "@aws-cdk/aws-route53": 1.41.0
    "@aws-cdk/core": 1.41.0
    constructs: ^3.0.2
  checksum: 3/41e18ee9fcaf4381250fe2f7295e05e376302ec896d354438edff516fa9e4c3c175128c0884fbda656ab8318c27ee9208d97e72ceed68543e115331557cbd37b
  languageName: node
  linkType: hard

"@aws-cdk/aws-cloudfront@npm:1.41.0":
  version: 1.41.0
  resolution: "@aws-cdk/aws-cloudfront@npm:1.41.0"
  dependencies:
    "@aws-cdk/aws-certificatemanager": 1.41.0
    "@aws-cdk/aws-iam": 1.41.0
    "@aws-cdk/aws-kms": 1.41.0
    "@aws-cdk/aws-lambda": 1.41.0
    "@aws-cdk/aws-s3": 1.41.0
    "@aws-cdk/core": 1.41.0
    constructs: ^3.0.2
  peerDependencies:
    "@aws-cdk/aws-certificatemanager": 1.41.0
    "@aws-cdk/aws-iam": 1.41.0
    "@aws-cdk/aws-kms": 1.41.0
    "@aws-cdk/aws-lambda": 1.41.0
    "@aws-cdk/aws-s3": 1.41.0
    "@aws-cdk/core": 1.41.0
    constructs: ^3.0.2
  checksum: 3/f79fe75b8b2957a456e45ce04b73dfaecd1e2580f68d50c29ce0ce064675e0cb2e468fcd1dfe422f97e25c70e274e5b7d9821f7304eaacc053b3aa4797633c29
  languageName: node
  linkType: hard

"@aws-cdk/aws-cloudwatch@npm:1.41.0":
  version: 1.41.0
  resolution: "@aws-cdk/aws-cloudwatch@npm:1.41.0"
  dependencies:
    "@aws-cdk/aws-iam": 1.41.0
    "@aws-cdk/core": 1.41.0
    constructs: ^3.0.2
  peerDependencies:
    "@aws-cdk/aws-iam": 1.41.0
    "@aws-cdk/core": 1.41.0
    constructs: ^3.0.2
  checksum: 3/15d84341450aa3f834596749071e1558e71c7ab4cc93ec931f05c86328fa181ebff23626def0a87451afb629abd74bb4461391749895622cb46938d028731b16
  languageName: node
  linkType: hard

"@aws-cdk/aws-ec2@npm:1.41.0":
  version: 1.41.0
  resolution: "@aws-cdk/aws-ec2@npm:1.41.0"
  dependencies:
    "@aws-cdk/aws-cloudwatch": 1.41.0
    "@aws-cdk/aws-iam": 1.41.0
    "@aws-cdk/aws-logs": 1.41.0
    "@aws-cdk/aws-s3": 1.41.0
    "@aws-cdk/aws-ssm": 1.41.0
    "@aws-cdk/cloud-assembly-schema": 1.41.0
    "@aws-cdk/core": 1.41.0
    "@aws-cdk/cx-api": 1.41.0
    "@aws-cdk/region-info": 1.41.0
    constructs: ^3.0.2
  peerDependencies:
    "@aws-cdk/aws-cloudwatch": 1.41.0
    "@aws-cdk/aws-iam": 1.41.0
    "@aws-cdk/aws-logs": 1.41.0
    "@aws-cdk/aws-s3": 1.41.0
    "@aws-cdk/aws-ssm": 1.41.0
    "@aws-cdk/cloud-assembly-schema": 1.41.0
    "@aws-cdk/core": 1.41.0
    "@aws-cdk/cx-api": 1.41.0
    "@aws-cdk/region-info": 1.41.0
    constructs: ^3.0.2
  checksum: 3/4ec5009889936aadca6ef67c3dfe7435532947047f2018e8f7f0772a4262381e3ec8fcd11880da2b1073976abd1e055f4be7bf834a6e142b6b92131d0632fd06
  languageName: node
  linkType: hard

"@aws-cdk/aws-events@npm:1.41.0":
  version: 1.41.0
  resolution: "@aws-cdk/aws-events@npm:1.41.0"
  dependencies:
    "@aws-cdk/aws-iam": 1.41.0
    "@aws-cdk/core": 1.41.0
    constructs: ^3.0.2
  peerDependencies:
    "@aws-cdk/aws-iam": 1.41.0
    "@aws-cdk/core": 1.41.0
    constructs: ^3.0.2
  checksum: 3/f8e32797269c215fab2ebe14ee381a6c8dc6195409495283d01f43721b39adcd65343839603ec6a29ff66f356212a4f793b3fa05d262c2306bbb249f298d255d
  languageName: node
  linkType: hard

"@aws-cdk/aws-iam@npm:1.41.0":
  version: 1.41.0
  resolution: "@aws-cdk/aws-iam@npm:1.41.0"
  dependencies:
    "@aws-cdk/core": 1.41.0
    "@aws-cdk/region-info": 1.41.0
    constructs: ^3.0.2
  peerDependencies:
    "@aws-cdk/core": 1.41.0
    "@aws-cdk/region-info": 1.41.0
    constructs: ^3.0.2
  checksum: 3/4aeab645ee5031822910ec7010748d60a8d7c15ba7bdf8c01027c7a5faa931987eb792bcd80483f5b97d02c3218953c2128f13288f7b8edf36484b54221bc79a
  languageName: node
  linkType: hard

"@aws-cdk/aws-kms@npm:1.41.0":
  version: 1.41.0
  resolution: "@aws-cdk/aws-kms@npm:1.41.0"
  dependencies:
    "@aws-cdk/aws-iam": 1.41.0
    "@aws-cdk/core": 1.41.0
    constructs: ^3.0.2
  peerDependencies:
    "@aws-cdk/aws-iam": 1.41.0
    "@aws-cdk/core": 1.41.0
    constructs: ^3.0.2
  checksum: 3/1c9d6f249a53f27681c32eec5724a9129df5e3e49f0d153892b6dc8796c22d0d4f0076f0a647e695c22386a52c18683b7618e8c38b88748682cf6f4f7e79d112
  languageName: node
  linkType: hard

"@aws-cdk/aws-lambda@npm:1.41.0":
  version: 1.41.0
  resolution: "@aws-cdk/aws-lambda@npm:1.41.0"
  dependencies:
    "@aws-cdk/aws-cloudwatch": 1.41.0
    "@aws-cdk/aws-ec2": 1.41.0
    "@aws-cdk/aws-events": 1.41.0
    "@aws-cdk/aws-iam": 1.41.0
    "@aws-cdk/aws-logs": 1.41.0
    "@aws-cdk/aws-s3": 1.41.0
    "@aws-cdk/aws-s3-assets": 1.41.0
    "@aws-cdk/aws-sqs": 1.41.0
    "@aws-cdk/core": 1.41.0
    "@aws-cdk/cx-api": 1.41.0
    constructs: ^3.0.2
  peerDependencies:
    "@aws-cdk/aws-cloudwatch": 1.41.0
    "@aws-cdk/aws-ec2": 1.41.0
    "@aws-cdk/aws-events": 1.41.0
    "@aws-cdk/aws-iam": 1.41.0
    "@aws-cdk/aws-logs": 1.41.0
    "@aws-cdk/aws-s3": 1.41.0
    "@aws-cdk/aws-s3-assets": 1.41.0
    "@aws-cdk/aws-sqs": 1.41.0
    "@aws-cdk/core": 1.41.0
    "@aws-cdk/cx-api": 1.41.0
    constructs: ^3.0.2
  checksum: 3/eec8dd6d4fdcb07ba86095cede7ed0e8e9507e1054f9dea4bbdf5cab61bb4c188dc9078433efe925e454a8f5f271685bc73e4affeda856adfd982ba67b8a646c
  languageName: node
  linkType: hard

"@aws-cdk/aws-logs@npm:1.41.0":
  version: 1.41.0
  resolution: "@aws-cdk/aws-logs@npm:1.41.0"
  dependencies:
    "@aws-cdk/aws-cloudwatch": 1.41.0
    "@aws-cdk/aws-iam": 1.41.0
    "@aws-cdk/core": 1.41.0
    constructs: ^3.0.2
  peerDependencies:
    "@aws-cdk/aws-cloudwatch": 1.41.0
    "@aws-cdk/aws-iam": 1.41.0
    "@aws-cdk/core": 1.41.0
    constructs: ^3.0.2
  checksum: 3/46d0ed451c9a6ce3b5e793b01747e2df4ef3dae1462c2161fafb0d2409c6e40d8daa816ef1230ac7621c6d8433a8ca8064ee68e9a6f5bc6d6e156ee93074c864
  languageName: node
  linkType: hard

"@aws-cdk/aws-route53@npm:1.41.0":
  version: 1.41.0
  resolution: "@aws-cdk/aws-route53@npm:1.41.0"
  dependencies:
    "@aws-cdk/aws-ec2": 1.41.0
    "@aws-cdk/aws-logs": 1.41.0
    "@aws-cdk/cloud-assembly-schema": 1.41.0
    "@aws-cdk/core": 1.41.0
    constructs: ^3.0.2
  peerDependencies:
    "@aws-cdk/aws-ec2": 1.41.0
    "@aws-cdk/aws-logs": 1.41.0
    "@aws-cdk/cloud-assembly-schema": 1.41.0
    "@aws-cdk/core": 1.41.0
    constructs: ^3.0.2
  checksum: 3/f53362d9aaaf18e8461bd7049835522beed1cc41e9ef83fb506a91d447d6bf598e5d277fa9d10f21fc267de847968cea11aac0c1f4725050be41349c4215cf6a
  languageName: node
  linkType: hard

"@aws-cdk/aws-s3-assets@npm:1.41.0":
  version: 1.41.0
  resolution: "@aws-cdk/aws-s3-assets@npm:1.41.0"
  dependencies:
    "@aws-cdk/assets": 1.41.0
    "@aws-cdk/aws-iam": 1.41.0
    "@aws-cdk/aws-s3": 1.41.0
    "@aws-cdk/core": 1.41.0
    "@aws-cdk/cx-api": 1.41.0
    constructs: ^3.0.2
  peerDependencies:
    "@aws-cdk/assets": 1.41.0
    "@aws-cdk/aws-iam": 1.41.0
    "@aws-cdk/aws-s3": 1.41.0
    "@aws-cdk/core": 1.41.0
    "@aws-cdk/cx-api": 1.41.0
    constructs: ^3.0.2
  checksum: 3/44f7d267cf6abca779616877cb20fec03a656e64a32e0fb15c8e1b4699f4c7942f34cf763a458a27dd3055bc76906be962b68f39bf13395bbaae4586d82d6a5d
  languageName: node
  linkType: hard

"@aws-cdk/aws-s3-deployment@npm:^1.41.0":
  version: 1.41.0
  resolution: "@aws-cdk/aws-s3-deployment@npm:1.41.0"
  dependencies:
    "@aws-cdk/aws-cloudfront": 1.41.0
    "@aws-cdk/aws-iam": 1.41.0
    "@aws-cdk/aws-lambda": 1.41.0
    "@aws-cdk/aws-s3": 1.41.0
    "@aws-cdk/aws-s3-assets": 1.41.0
    "@aws-cdk/core": 1.41.0
    constructs: ^3.0.2
  peerDependencies:
    "@aws-cdk/aws-cloudfront": 1.41.0
    "@aws-cdk/aws-iam": 1.41.0
    "@aws-cdk/aws-lambda": 1.41.0
    "@aws-cdk/aws-s3": 1.41.0
    "@aws-cdk/aws-s3-assets": 1.41.0
    "@aws-cdk/core": 1.41.0
    constructs: ^3.0.2
  checksum: 3/9b680ffb15c07083cb2f50650136279a89431eb6ae216373314009925dc1039cc254b542db4c2028540aabfb27b74703ae85c2ffc5fe4e71547367986c75a032
  languageName: node
  linkType: hard

"@aws-cdk/aws-s3@npm:1.41.0":
  version: 1.41.0
  resolution: "@aws-cdk/aws-s3@npm:1.41.0"
  dependencies:
    "@aws-cdk/aws-events": 1.41.0
    "@aws-cdk/aws-iam": 1.41.0
    "@aws-cdk/aws-kms": 1.41.0
    "@aws-cdk/core": 1.41.0
    constructs: ^3.0.2
  peerDependencies:
    "@aws-cdk/aws-events": 1.41.0
    "@aws-cdk/aws-iam": 1.41.0
    "@aws-cdk/aws-kms": 1.41.0
    "@aws-cdk/core": 1.41.0
    constructs: ^3.0.2
  checksum: 3/7ee340fe6c6049752636ee829fd6683d6178c2ff8740f7cc0e9a0285ef19e69c3cc88d925a13b5dbb89ee615b63070fe026876fa4ecac449d5514f7f239ac894
  languageName: node
  linkType: hard

"@aws-cdk/aws-sqs@npm:1.41.0":
  version: 1.41.0
  resolution: "@aws-cdk/aws-sqs@npm:1.41.0"
  dependencies:
    "@aws-cdk/aws-cloudwatch": 1.41.0
    "@aws-cdk/aws-iam": 1.41.0
    "@aws-cdk/aws-kms": 1.41.0
    "@aws-cdk/core": 1.41.0
    constructs: ^3.0.2
  peerDependencies:
    "@aws-cdk/aws-cloudwatch": 1.41.0
    "@aws-cdk/aws-iam": 1.41.0
    "@aws-cdk/aws-kms": 1.41.0
    "@aws-cdk/core": 1.41.0
    constructs: ^3.0.2
  checksum: 3/cd8454a5decd188fc9636b199b6a1eee6cb1b333455907fe9cce47a939f3f9710a3c07c1a2208e09287e337633cba8470349fadfed155d88761a648f8ee66dd6
  languageName: node
  linkType: hard

"@aws-cdk/aws-ssm@npm:1.41.0":
  version: 1.41.0
  resolution: "@aws-cdk/aws-ssm@npm:1.41.0"
  dependencies:
    "@aws-cdk/aws-iam": 1.41.0
    "@aws-cdk/aws-kms": 1.41.0
    "@aws-cdk/cloud-assembly-schema": 1.41.0
    "@aws-cdk/core": 1.41.0
    constructs: ^3.0.2
  peerDependencies:
    "@aws-cdk/aws-iam": 1.41.0
    "@aws-cdk/aws-kms": 1.41.0
    "@aws-cdk/cloud-assembly-schema": 1.41.0
    "@aws-cdk/core": 1.41.0
    constructs: ^3.0.2
  checksum: 3/8a2295e421d23cc624fcdd668b63871be1d6152af3db9bc3814e71b6ddf8c1b7a6330593e4de20ec1a3dbb34f5a820bc237511f2dfd31d79a856638ba54cc7f7
  languageName: node
  linkType: hard

"@aws-cdk/cdk-assets-schema@npm:1.41.0":
  version: 1.41.0
  resolution: "@aws-cdk/cdk-assets-schema@npm:1.41.0"
  dependencies:
    semver: ^7.2.2
  checksum: 3/99055d0d2c5427fe04906d7e6340ee9f770c1a1c8f086be448e73513ea68a94d23e09ade13b7bfa2886c8d0e05ddb2d0c2cadd4bc948ffe064c0022b49f889f7
  languageName: node
  linkType: hard

"@aws-cdk/cloud-assembly-schema@npm:1.41.0":
  version: 1.41.0
  resolution: "@aws-cdk/cloud-assembly-schema@npm:1.41.0"
  dependencies:
    jsonschema: ^1.2.5
    semver: ^7.2.2
  checksum: 3/b9fe1a28803ed9d97c21b74e1801918ec605bdedbf3f68c7c428e46047d736b86b4ecc3c434ee553c821f8d41e1af72067b98f7c460f4c5ef913e9bc0ffa33d8
  languageName: node
  linkType: hard

"@aws-cdk/core@npm:1.41.0, @aws-cdk/core@npm:^1.41.0":
  version: 1.41.0
  resolution: "@aws-cdk/core@npm:1.41.0"
  dependencies:
    "@aws-cdk/cdk-assets-schema": 1.41.0
    "@aws-cdk/cloud-assembly-schema": 1.41.0
    "@aws-cdk/cx-api": 1.41.0
    constructs: ^3.0.2
    minimatch: ^3.0.4
  peerDependencies:
    "@aws-cdk/cdk-assets-schema": 1.41.0
    "@aws-cdk/cloud-assembly-schema": 1.41.0
    "@aws-cdk/cx-api": 1.41.0
    constructs: ^3.0.2
  checksum: 3/1f91c06432b3df5478a780a7f7c518bc0019e4b8ae4443ce09bcc115fbc52cda1c975f934e92ea99c2424cb369cea0ec332ac04ae53ceceb3a1f1a88086f10f2
  languageName: node
  linkType: hard

"@aws-cdk/cx-api@npm:1.41.0":
  version: 1.41.0
  resolution: "@aws-cdk/cx-api@npm:1.41.0"
  dependencies:
    "@aws-cdk/cloud-assembly-schema": 1.41.0
    semver: ^7.2.2
  peerDependencies:
    "@aws-cdk/cloud-assembly-schema": 1.41.0
  checksum: 3/d5ecc16085bed471f90f2ee8bd99aea56b1fe8f8b717dc53a7827b2afaf8f849d76ab73df259144b23496839816521c388c3e6cdb34557fca502733c4b01e24d
  languageName: node
  linkType: hard

"@aws-cdk/region-info@npm:1.41.0":
  version: 1.41.0
  resolution: "@aws-cdk/region-info@npm:1.41.0"
  checksum: 3/0d101f4a1cba46b15992f30601924bf0aaed2346e4975b9690045888e9e28f9ea8887ef7f277958a41455fc900719d47e2d868b9121af71ace6ef06714cc0bf9
  languageName: node
  linkType: hard

"balanced-match@npm:^1.0.0":
  version: 1.0.0
  resolution: "balanced-match@npm:1.0.0"
  checksum: 3/f515a605fe1b59f476f7477c5e1d53ad55b4f42982fca1d57b6701906f4ad1f1ac90fd6587d92cc1af2edb43eecf979214dd847ee410a6de9db4ebf0dd128d62
  languageName: node
  linkType: hard

"brace-expansion@npm:^1.1.7":
  version: 1.1.11
  resolution: "brace-expansion@npm:1.1.11"
  dependencies:
    balanced-match: ^1.0.0
    concat-map: 0.0.1
  checksum: 3/4c878e25e4858baf801945dfd63eb68feab2e502cf1122f25f3915c0e3bf397af3a93ff6bef0798db41c0d81ef28c08e55daac38058710f749a3b96eee6b8f40
  languageName: node
  linkType: hard

"concat-map@npm:0.0.1":
  version: 0.0.1
  resolution: "concat-map@npm:0.0.1"
  checksum: 3/554e28d9ee5aa6e061795473ee092cb3d3a2cbdb76c35416e0bb6e03f136d7d07676da387b2ed0ec4106cedbb6534080d9abc48ecc4a92b76406cf2d0c3c0c4b
  languageName: node
  linkType: hard

"constructs@npm:^3.0.2":
  version: 3.0.3
  resolution: "constructs@npm:3.0.3"
  checksum: 3/6fe1e189e2a30cefe695590a90e4b5b88ec8efa6d32c989139a7ebac9a45dd943c9a556d3c3ef46013205767e2032a6bfce94f876591136379eefe33b151e5a5
  languageName: node
  linkType: hard

"jsonschema@npm:^1.2.5":
  version: 1.2.6
  resolution: "jsonschema@npm:1.2.6"
  checksum: 3/36c02e0a1c8e3596f0f11141c60a9d5db10aa751719106311b60ce9ec14d28b39d57a708f9920b3b92f3e1a1e54e4fd583e74f00f761d56bdc1f997fc21c8dec
  languageName: node
  linkType: hard

"minimatch@npm:^3.0.4":
  version: 3.0.4
  resolution: "minimatch@npm:3.0.4"
  dependencies:
    brace-expansion: ^1.1.7
  checksum: 3/47eab9263962cacd5733e274ecad2d8e54b0f8e124ba35ae69189e296058f634a4967b87a98954f86fa5c830ff177caf827ce0136d28717ed3232951fb4fae62
  languageName: node
  linkType: hard

"semver@npm:^7.2.2":
  version: 7.3.2
  resolution: "semver@npm:7.3.2"
  bin:
    semver: bin/semver.js
  checksum: 3/bceb46d396d039afb5be2b2860bce1b0a43ecbadc72dde7ebe9c56dd9035ca50d9b8e086208ff9bbe53773ebde0bcfc6fc0842d7358398bca7054bb9ced801e3
  languageName: node
  linkType: hard

"yarn-zip@workspace:.":
  version: 0.0.0-use.local
  resolution: "yarn-zip@workspace:."
  dependencies:
    "@aws-cdk/aws-s3-deployment": ^1.41.0
    "@aws-cdk/core": ^1.41.0
  languageName: unknown
  linkType: soft
